version = 1
revision = 3
requires-python = ">=3.12"

[[package]]
name = "bidict"
version = "0.24.1"
source = { registry = "https://pypi.org/simple" }
sdist = { url = "https://files.pythonhosted.org/packages/a8/f2/8d2dd8276ca05e1f5157b6a0d34efb2f585f47a0fbed61e8aad04b221f0b/bidict-0.24.1.tar.gz", hash = "sha256:4dca6c17f0b01700e9f24359daa5ebabf7be022d99f4cb2a257b6af2a5076c88", size = 30818, upload-time = "2026-08-25T23:45:52.214Z" }
wheels = [
    { url = "https://files.pythonhosted.org/packages/97/53/2a3c7d562271ec6b6e38e7216b3104899f8aa4180c0713cb8aaf69e29cd5/bidict-0.24.1-py3-none-any.whl", hash = "sha256:fd3eaa737917d8a14f4baa391670c433c4e3f6f5fd2cd99d4bf436437f432364", size = 36175, upload-time = "2026-08-25T23:45:51.096Z" },
]

[[package]]
name = "colorama"
version = "0.4.6"
source = { registry = "https://pypi.org/simple" }
sdist = { url = "https://files.pythonhosted.org/packages/d8/53/6f443c9a4a8358a93a6792e2acffb9d9d5cb0a5cfd8802644b7b1c9a02e4/colorama-0.4.6.tar.gz", hash = "sha256:08695f5cb7ed6e0531a20572697297273c47b8cae5a63ffc6d6ed5c201be6e44", size = 27697, upload-time = "2022-10-25T02:36:22.414Z" }
wheels = [
    { url = "https://files.pythonhosted.org/packages/d1/d6/3965ed04c63042e047cb6a3e6ed1a63a35087b6a609aa3a15ed8ac56c221/colorama-0.4.6-py2.py3-none-any.whl", hash = "sha256:4f1d9991f5acc0ca119f9d443620b77f9d6b33703e51011c16baf57afb285fc6", size = 25335, upload-time = "2022-10-25T02:36:20.889Z" },
]

[[package]]
name = "iniconfig"
version = "2.3.0"
source = { registry = "https://pypi.org/simple" }
sdist = { url = "https://files.pythonhosted.org/packages/72/34/14ca021ce8e5dfedc35312d08ba8bf51fdd999c576889fc2c24cb97f4f10/iniconfig-2.3.0.tar.gz", hash = "sha256:c76315c77db068650d49c5b56314774a7804df16fee4402c1f19d6d15d8c4730", size = 20503, upload-time = "2025-10-18T21:55:43.219Z" }
wheels = [
    { url = "https://files.pythonhosted.org/packages/cb/b1/3846dd7f199d53cb17f49cba7e651e9ce294d8497c8c150530ed11865bb8/iniconfig-2.3.0-py3-none-any.whl", hash = "sha256:f631c04d2c48c52b84d0d0549c99ff3859c98df65b3101406327ecc7d53fbf12", size = 7484, upload-time = "2025-10-18T21:55:41.639Z" },
]

[[package]]
name = "numpy"
version = "1.26.4"
source = { registry = "https://pypi.org/simple" }
sdist = { url = "https://files.pythonhosted.org/packages/65/6e/09db70a523a96d25e115e71cc56a6f9031e7b8cd166c1ac8438307c14058/numpy-1.26.4.tar.gz", hash = "sha256:2a02aba9ed12e4ac4eb3ea9421c420301a0c6460d9830d74a9df87efa4912010", size = 15786129, upload-time = "2024-02-06T00:26:44.495Z" }
wheels = [
    { url = "https://files.pythonhosted.org/packages/95/12/8f2020a8e8b8383ac0177dc9570aad031a3beb12e38847f7129bacd96228/numpy-1.26.4-cp312-cp312-macosx_10_9_x86_64.whl", hash = "sha256:b3ce300f3644fb06443ee2222c2201dd3a89ea6040541412b8fa189341847218", size = 20335901, upload-time = "2024-02-05T23:55:32.801Z" },
    { url = "https://files.pythonhosted.org/packages/75/5b/ca6c8bd14007e5ca171c7c03102d17b4f4e0ceb53957e8c44343a9546dcc/numpy-1.26.4-cp312-cp312-macosx_11_0_arm64.whl", hash = "sha256:03a8c78d01d9781b28a6989f6fa1bb2c4f2d51201cf99d3dd875df6fbd96b23b", size = 13685868, upload-time = "2024-02-05T23:55:56.28Z" },
    { url = "https://files.pythonhosted.org/packages/79/f8/97f10e6755e2a7d027ca783f63044d5b1bc1ae7acb12afe6a9b4286eac17/numpy-1.26.4-cp312-cp312-manylinux_2_17_aarch64.manylinux2014_aarch64.whl", hash = "sha256:9fad7dcb1aac3c7f0584a5a8133e3a43eeb2fe127f47e3632d43d677c66c102b", size = 13925109, upload-time = "2024-02-05T23:56:20.368Z" },
    { url = "https://files.pythonhosted.org/packages/0f/50/de23fde84e45f5c4fda2488c759b69990fd4512387a8632860f3ac9cd225/numpy-1.26.4-cp312-cp312-manylinux_2_17_x86_64.manylinux2014_x86_64.whl", hash = "sha256:675d61ffbfa78604709862923189bad94014bef562cc35cf61d3a07bba02a7ed", size = 17950613, upload-time = "2024-02-05T23:56:56.054Z" },
    { url = "https://files.pythonhosted.org/packages/4c/0c/9c603826b6465e82591e05ca230dfc13376da512b25ccd0894709b054ed0/numpy-1.26.4-cp312-cp312-musllinux_1_1_aarch64.whl", hash = "sha256:ab47dbe5cc8210f55aa58e4805fe224dac469cde56b9f731a4c098b91917159a", size = 13572172, upload-time = "2024-02-05T23:57:21.56Z" },
    { url = "https://files.pythonhosted.org/packages/76/8c/2ba3902e1a0fc1c74962ea9bb33a534bb05984ad7ff9515bf8d07527cadd/numpy-1.26.4-cp312-cp312-musllinux_1_1_x86_64.whl", hash = "sha256:1dda2e7b4ec9dd512f84935c5f126c8bd8b9f2fc001e9f54af255e8c5f16b0e0", size = 17786643, upload-time = "2024-02-05T23:57:56.585Z" },
    { url = "https://files.pythonhosted.org/packages/28/4a/46d9e65106879492374999e76eb85f87b15328e06bd1550668f79f7b18c6/numpy-1.26.4-cp312-cp312-win32.whl", hash = "sha256:50193e430acfc1346175fcbdaa28ffec49947a06918b7b92130744e81e640110", size = 5677803, upload-time = "2024-02-05T23:58:08.963Z" },
    { url = "https://files.pythonhosted.org/packages/16/2e/86f24451c2d530c88daf997cb8d6ac622c1d40d19f5a031ed68a4b73a374/numpy-1.26.4-cp312-cp312-win_amd64.whl", hash = "sha256:08beddf13648eb95f8d867350f6a018a4be2e5ad54c8d8caed89ebca558b2818", size = 15517754, upload-time = "2024-02-05T23:58:36.364Z" },
]

[[package]]
name = "openmusickit"
version = "0.0.1"
source = { editable = "." }
dependencies = [
    { name = "bidict" },
    { name = "rustworkx" },
]

[package.dev-dependencies]
dev = [
    { name = "pytest" },
    { name = "ruff" },
]

[package.metadata]
requires-dist = [
    { name = "bidict", specifier = ">=0.24.1" },
    { name = "rustworkx", specifier = ">=0.18.1" },
]

[package.metadata.requires-dev]
dev = [
    { name = "pytest", specifier = ">=9.1.1" },
    { name = "ruff", specifier = ">=0.16.8" },
]

[[package]]
name = "packaging"
version = "26.2"
source = { registry = "https://pypi.org/simple" }
sdist = { url = "https://files.pythonhosted.org/packages/d7/f1/e7a6dd94a8d4a5626c03e4e99c87f241ba9e350cd9e6d75123f992427270/packaging-26.2.tar.gz", hash = "sha256:ff452ff5a3e828ce110190feff1178bb1f2ea2281fa2075aadb987c2fb221661", size = 228134, upload-time = "2026-04-24T20:15:23.917Z" }
wheels = [
    { url = "https://files.pythonhosted.org/packages/df/b2/87e62e8c3e2f4b32e5fe99e0b86d576da1312593b39f47d8ceef365e95ed/packaging-26.2-py3-none-any.whl", hash = "sha256:5fc45236b9446107ff2415ce77c807cee2862cb6fac22b8a73826d0693b0980e", size = 100195, upload-time = "2026-04-24T20:15:22.081Z" },
]

[[package]]
name = "pluggy"
version = "1.6.0"
source = { registry = "https://pypi.org/simple" }
sdist = { url = "https://files.pythonhosted.org/packages/f9/e2/3e91f31a7d2b083fe6ef3fa267035b518369d9511ffab804f839851d2779/pluggy-1.6.0.tar.gz", hash = "sha256:7dcc130b76258d33b90f61b658791dede3486c3e6bfb003ee5c9bfb396dd22f3", size = 69412, upload-time = "2025-05-15T12:30:07.975Z" }
wheels = [
    { url = "https://files.pythonhosted.org/packages/54/20/4d324d65cc6d9205fabedc306948156824eb9f0ee1633355a8f7ec5c66bf/pluggy-1.6.0-py3-none-any.whl", hash = "sha256:e920276dd6813095e9377c0bc5566d94c932c33b27a3e3945d8389c374dd4746", size = 20538, upload-time = "2025-05-15T12:30:06.134Z" },
]

[[package]]
name = "pygments"
version = "2.20.0"
source = { registry = "https://pypi.org/simple" }
sdist = { url = "https://files.pythonhosted.org/packages/c3/b2/bc9c9196916376152d655522fdcebac55e66de6603a76a02bca1b6414f6c/pygments-2.20.0.tar.gz", hash = "sha256:6757cd03768053ff99f3039c1a36d6c0aa0b263438fcab17520b30a303a82b5f", size = 4955991, upload-time = "2026-03-29T13:29:33.898Z" }
wheels = [
    { url = "https://files.pythonhosted.org/packages/f4/7e/a72dd26f3b0f4f2bf1dd8923c85f7ceb43172af56d63c7383eb62b332364/pygments-2.20.0-py3-none-any.whl", hash = "sha256:81a9e26dd42fd28a23a2d169d86d7ac03b46e2f8b59ed4698fb4785f946d0176", size = 1231151, upload-time = "2026-03-29T13:29:30.038Z" },
]

[[package]]
name = "pytest"
version = "9.1.1"
source = { registry = "https://pypi.org/simple" }
dependencies = [
    { name = "colorama", marker = "sys_platform == 'win32'" },
    { name = "iniconfig" },
    { name = "packaging" },
    { name = "pluggy" },
    { name = "pygments" },
]
sdist = { url = "https://files.pythonhosted.org/packages/e4/47/b9efed96c114afcfa3c9d3fe98a76a1d14c74a9e266d397cf6eb64be5e01/pytest-9.1.1.tar.gz", hash = "sha256:1088fbde8f2b49d95a549a195707afa7a76a3ce9bcadc26b6d71f0ffda5fe313", size = 1636369, upload-time = "2026-06-19T10:58:32.857Z" }
wheels = [
    { url = "https://files.pythonhosted.org/packages/24/25/1de2678b631f5a49215c6c96fff41ba892b0a34df68d6d80292b1b48aa7f/pytest-9.1.1-py3-none-any.whl", hash = "sha256:37a86b45efb9a47a61a36449063e8e18d0cab3161329fc099eb21783169c4f0c", size = 386536, upload-time = "2026-06-19T10:58:31.347Z" },
]

[[package]]
name = "ruff"
version = "0.16.8"
source = { registry = "https://pypi.org/simple" }
sdist = { url = "https://files.pythonhosted.org/packages/ba/78/449cb84790bd5cc3823b2652ee405a4558856e5c4195aee3a16bf7b3eb5d/ruff-0.16.8.tar.gz", hash = "sha256:9247bf92b5f04d825c8639a4fe423ec2e4222acd9222e58412b0dab7e442798b", size = 4938814, upload-time = "2026-09-16T15:54:46.688Z" }
wheels = [
    { url = "https://files.pythonhosted.org/packages/ac/25/6071aabc530e9be7e2c195e8fe3f7aea2735405b6cf447212832d7811831/ruff-0.16.8-py3-none-linux_armv6l.whl", hash = "sha256:6ffbd6d87383c1edf5f6fa890f10200950240d7c1a16052a19a09d3a2307dd38", size = 10048966, upload-time = "2026-09-16T15:53:57.605Z" },
    { url = "https://files.pythonhosted.org/packages/54/98/07f90ecbc74dd5fb5764f11f2bc774d6a7cffef92d2ff5f5b4e9e23c754e/ruff-0.16.8-py3-none-macosx_10_12_x86_64.whl", hash = "sha256:42ed6b878ed61e3acca92f2730a17acff39286944ea82398544696366a6f925e", size = 10165498, upload-time = "2026-09-16T15:54:01.14Z" },
    { url = "https://files.pythonhosted.org/packages/fe/1f/e6a712e3b47cad4a40600134105ed193cb773f618a42eb7ba323cb812cc0/ruff-0.16.8-py3-none-macosx_11_0_arm64.whl", hash = "sha256:7ea781c7f2afba8c6a505ea0fb3f994020249e0c450635f5381286fea6b46170", size = 9830004, upload-time = "2026-09-16T15:54:03.998Z" },
    { url = "https://files.pythonhosted.org/packages/23/f2/311a08776d75d81c7676e20b6b020ae63cbe881fcdc7a8dd64e6e18bdd93/ruff-0.16.8-py3-none-manylinux_2_17_aarch64.manylinux2014_aarch64.whl", hash = "sha256:8efeae3bbe414a5efefda11a792dfb51ef90ac48d50c4830de2f644caf3e8659", size = 9986558, upload-time = "2026-09-16T15:54:06.804Z" },
    { url = "https://files.pythonhosted.org/packages/f3/ed/37b6cb3d3ba8c73e68ae3eb1d502383beb5aa05a582bb7bb3a922f929f54/ruff-0.16.8-py3-none-manylinux_2_17_armv7l.manylinux2014_armv7l.whl", hash = "sha256:3a79b795469fef7fc6e908b218eed2eb17332afd85031db6480dc864560e69b2", size = 9877332, upload-time = "2026-09-16T15:54:09.552Z" },
    { url = "https://files.pythonhosted.org/packages/22/cc/40873a8f36ad084cc540d55fcca7077264d5b13b24659e9180c176fb2b08/ruff-0.16.8-py3-none-manylinux_2_17_i686.manylinux2014_i686.whl", hash = "sha256:3fdc5563cdc50555e6fba39322850860e9267c1b3d12c26a74729d8604c3c812", size = 10507125, upload-time = "2026-09-16T15:54:12.152Z" },
    { url = "https://files.pythonhosted.org/packages/c3/e4/fc91a642b78ccbab6b9477720f3644ae7a10a9bcce69a934679cd64f62bc/ruff-0.16.8-py3-none-manylinux_2_17_ppc64le.manylinux2014_ppc64le.whl", hash = "sha256:34508983c70665578dab88f5223d8e6228307e1135398ca8bfc8b7e9501e282b", size = 11336694, upload-time = "2026-09-16T15:54:15.489Z" },
    { url = "https://files.pythonhosted.org/packages/c2/3d/bbd2a9a600a4e73dc3e7548a249c8d1671273464b55822c6fae50f602dff/ruff-0.16.8-py3-none-manylinux_2_17_s390x.manylinux2014_s390x.whl", hash = "sha256:644bb578569e0ffc575741232bd385dacdd6fbe123f1a729e7a225f54aa3957f", size = 10774448, upload-time = "2026-09-16T15:54:18.16Z" },
    { url = "https://files.pythonhosted.org/packages/1a/41/d83af9879a7b6e8bf5fe16b1da0b134049d2f5d3afac12defb0897cb84bd/ruff-0.16.8-py3-none-manylinux_2_17_x86_64.manylinux2014_x86_64.whl", hash = "sha256:15e7d226246961db9235098333caa13063906d3851136b84c2900b82f5daa1df", size = 10323796, upload-time = "2026-09-16T15:54:20.743Z" },
    { url = "https://files.pythonhosted.org/packages/f5/2c/cefd07bfe914b84943ea769ade8d607bd22750b965d3228eefd7cebd15d0/ruff-0.16.8-py3-none-manylinux_2_31_riscv64.whl", hash = "sha256:a2bf6bc3e9ebdd4449abc6f06cf64b98051a2c61cf94d2fe9596518c881f1a1e", size = 10514115, upload-time = "2026-09-16T15:54:23.497Z" },
    { url = "https://files.pythonhosted.org/packages/f3/9d/76a2e26c79a23be6e6e3664c57bec9e9fc8de155cfb9e4b67ea91b64f9d7/ruff-0.16.8-py3-none-musllinux_1_2_aarch64.whl", hash = "sha256:6ca111ba0849539165e9e59d2b442542f3c1e8060ebbdea82494f1ffbccb1e1f", size = 10072582, upload-time = "2026-09-16T15:54:26.185Z" },
    { url = "https://files.pythonhosted.org/packages/2e/d4/f42edddb39668af1a559ceafa3823aedd65633a48dc9768e775485faa2c1/ruff-0.16.8-py3-none-musllinux_1_2_armv7l.whl", hash = "sha256:359a1e5b495448ee1e91018064382ebc86f90e8aac2fed222c7d0e4e8df85fd2", size = 9879644, upload-time = "2026-09-16T15:54:29.278Z" },
    { url = "https://files.pythonhosted.org/packages/f8/d4/913e3195d95e0378786c6656945c865f534a3560e29139da4882aff630d1/ruff-0.16.8-py3-none-musllinux_1_2_i686.whl", hash = "sha256:59e8f5681349474110b24d62e93cfda6593f5fa3473446ca3705200cac1a08b9", size = 10231569, upload-time = "2026-09-16T15:54:32.036Z" },
    { url = "https://files.pythonhosted.org/packages/2b/c4/8aa6ea0bdcedbd1bf87397e2fc4ed8406448ea5842f8660bc6e5f163039d/ruff-0.16.8-py3-none-musllinux_1_2_x86_64.whl", hash = "sha256:efa3e7a16d1baaa79957888dfdf8be9ef2e44db81cb032af06d76632ab59e773", size = 10663666, upload-time = "2026-09-16T15:54:34.838Z" },
    { url = "https://files.pythonhosted.org/packages/3d/02/7f10ef4700bc223c30a3fdd10631a29830c45524b810a3c7ed947af64591/ruff-0.16.8-py3-none-win32.whl", hash = "sha256:55793ba85c69921e89be061426d91a78652d6e50317c962240922747a4eb713f", size = 10093472, upload-time = "2026-09-16T15:54:37.47Z" },
    { url = "https://files.pythonhosted.org/packages/1e/5d/a509c07d714b6da88f2c518b4637cf6f1d46b074be8f0f1e5fb9ff5126fe/ruff-0.16.8-py3-none-win_amd64.whl", hash = "sha256:a6b85621fd3c81e31fc5f5add09c9c078b430db3595ca632efafdec9e64ebfaa", size = 10586899, upload-time = "2026-09-16T15:54:40.488Z" },
    { url = "https://files.pythonhosted.org/packages/fe/a0/50787329e4f20bf9dc9f6230015d46ec69c51a97ace5bc202dae4755365d/ruff-0.16.8-py3-none-win_arm64.whl", hash = "sha256:d075e820af612102ce217f07cc93e69f9490b10ec13ea85fa87bd03d996cef8a", size = 10386316, upload-time = "2026-09-16T15:54:43.332Z" },
]

[[package]]
name = "rustworkx"
version = "0.18.1"
source = { registry = "https://pypi.org/simple" }
dependencies = [
    { name = "numpy" },
]
sdist = { url = "https://files.pythonhosted.org/packages/86/0d/5b6b48005bbc19622ea7f295f2d5f1339474cb7893e57fd30e6553b2b534/rustworkx-0.18.1.tar.gz", hash = "sha256:30affe6ee52a6257a01152418f9c1686ca114e7ab4a3bf87bb87fe35b7350f3e", size = 896598, upload-time = "2026-07-30T00:19:08.074Z" }
wheels = [
    { url = "https://files.pythonhosted.org/packages/8d/1d/df08af787e15d10479e9c69278933904e5dfa716e9793bce6e48c4ef8fb1/rustworkx-0.18.1-cp310-abi3-macosx_10_12_x86_64.whl", hash = "sha256:c622843757ce6afd950b6f3c45b79f0078fb8d9a66f6783b5963594d1f9073bf", size = 2261725, upload-time = "2026-07-30T00:17:57.184Z" },
    { url = "https://files.pythonhosted.org/packages/54/e6/08c5d1e21d3f97f172210f409fa6de12684de1b36952ec7c1f4545cfb5af/rustworkx-0.18.1-cp310-abi3-macosx_11_0_arm64.whl", hash = "sha256:77103c119e71d816c04bcc60443184cae9550c1d49e5c28a046850252c0e9846", size = 2110294, upload-time = "2026-07-30T00:17:59.109Z" },
    { url = "https://files.pythonhosted.org/packages/a2/ec/80ffcc38ffd28798a31563485a7c35d7d7ccebad83d388717442731e7477/rustworkx-0.18.1-cp310-abi3-manylinux2014_x86_64.manylinux_2_17_x86_64.whl", hash = "sha256:1ebd2441a51c68a784df8c62dc2e6f1a9f58c0eb1c2e21fd59776e08f55c0c0b", size = 2366881, upload-time = "2026-07-30T00:18:00.777Z" },
    { url = "https://files.pythonhosted.org/packages/86/6c/e1483aea43fd8be81666cb103aea0f6127f71731de666c156e6b6f8c2338/rustworkx-0.18.1-cp310-abi3-manylinux_2_28_aarch64.whl", hash = "sha256:c42a0a52463ff78c0dd03426efa7b40b17b433689c2a5ab6aaaf14173c2a9e31", size = 2157792, upload-time = "2026-07-30T00:18:02.734Z" },
    { url = "https://files.pythonhosted.org/packages/04/46/b6df0cddd2e22ce7b0baf24c0e5a123df6dd29d007df601ebe7b25928088/rustworkx-0.18.1-cp310-abi3-manylinux_2_28_ppc64le.whl", hash = "sha256:ba997e8c22564bf17b110514fba530bfd0ee2868506c3e8e4b4bd3f388e87b3d", size = 2476541, upload-time = "2026-07-30T00:19:09.932Z" },
    { url = "https://files.pythonhosted.org/packages/08/ad/6e53d1db486697bb971a2d0623b1a67903825fb9e5a44ec993f04b8678c5/rustworkx-0.18.1-cp310-abi3-manylinux_2_28_s390x.whl", hash = "sha256:48d42983e62412e3ffc1e58c2ec55222ec82fc0e4c6dac576ee203d71091038e", size = 3102596, upload-time = "2026-07-30T00:19:07.669Z" },
    { url = "https://files.pythonhosted.org/packages/c5/80/f83b4469f4c2756c06741f7fd28209821827bee9e55217acdea63bbd71df/rustworkx-0.18.1-cp310-abi3-musllinux_1_2_aarch64.whl", hash = "sha256:5ebcdd8c55d91583c94aa62ef332de3a724b69a57ae2b5c9fcf7051f3b41fc88", size = 2223596, upload-time = "2026-07-30T00:18:04.558Z" },
    { url = "https://files.pythonhosted.org/packages/b4/c3/b24190513dee8bf5e26ac9ef2303e8cc0a27f33581dc7f0321a2ed5eb63e/rustworkx-0.18.1-cp310-abi3-musllinux_1_2_x86_64.whl", hash = "sha256:212d0a4b5ccec8cc8c3879dd1fd13b1e61894c708185f12eb63ae571349c4d95", size = 2413536, upload-time = "2026-07-30T00:18:06.2Z" },
    { url = "https://files.pythonhosted.org/packages/52/33/e8468d7dfb059aaaef3294099e1ff945c0f7bf8b7b11ad6d807ee0a171df/rustworkx-0.18.1-cp310-abi3-pyemscripten_2026_0_wasm32.whl", hash = "sha256:67dcdfcc3dfc8262f7627d2b3ae85ac74de1b1dcababf637a1116444c4adb621", size = 1328608, upload-time = "2026-07-30T00:19:05.143Z" },
    { url = "https://files.pythonhosted.org/packages/4a/00/d75ef40fc92267571b4547b0d04d8cb8c1583cfa2e437ee2d25df3dc8aff/rustworkx-0.18.1-cp310-abi3-win32.whl", hash = "sha256:f8ad39453d65c85111ba887377899d568ded6ecfb5384f3182483a23426b8f58", size = 2053170, upload-time = "2026-07-30T00:18:07.837Z" },
    { url = "https://files.pythonhosted.org/packages/3b/fc/c0961292208d5dda29eb8149ee395ac92fbfdff2649c5d8d2dd68f7a11a5/rustworkx-0.18.1-cp310-abi3-win_amd64.whl", hash = "sha256:91feb30971df6ac53d51503970e4aac67e4d9bc7834535f2b7cd3674645003ac", size = 2283143, upload-time = "2026-07-30T00:18:09.38Z" },
    { url = "https://files.pythonhosted.org/packages/a7/9f/99731c2932f7a8942e414630e4a24c1bda2242abc31b3c0df287a97e0a73/rustworkx-0.18.1-cp314-cp314t-macosx_10_15_x86_64.whl", hash = "sha256:685d4f69da6ecfd35110f4d7933c6fa392fb25c98f369b24032758d1c57d8055", size = 2308961, upload-time = "2026-07-30T00:18:11.634Z" },
    { url = "https://files.pythonhosted.org/packages/55/59/4977b72b142673f24bb97a30370ad0b8b806f2a4341587284b852ae205b7/rustworkx-0.18.1-cp314-cp314t-macosx_11_0_arm64.whl", hash = "sha256:63784612ccefb866ab1e07c48060a3f7ff5309629a263db6ba4a0d9a84581852", size = 2085289, upload-time = "2026-07-30T00:18:13.251Z" },
    { url = "https://files.pythonhosted.org/packages/ce/fd/32be334e665fa9e52a5ad89ad485e925dbd2b43ee60caa79322eff16ca37/rustworkx-0.18.1-cp314-cp314t-manylinux2014_x86_64.manylinux_2_17_x86_64.whl", hash = "sha256:8c771009dee311e207772ee17277887c3bd2fbd0de6a208e8019962ca4432008", size = 2344756, upload-time = "2026-07-30T00:18:15.232Z" },
    { url = "https://files.pythonhosted.org/packages/c8/c5/a911ca9918d0c47751bad7543df6881dbc697619641a1eed657ac70bbf7f/rustworkx-0.18.1-cp314-cp314t-manylinux_2_28_aarch64.whl", hash = "sha256:ebd6f2e28940eb983f254f7fe92b474651ac149e1bedfdaa4272dff22551cf4a", size = 2145576, upload-time = "2026-07-30T00:18:16.871Z" },
    { url = "https://files.pythonhosted.org/packages/82/ed/e6dd81cb4e26c14824dba74629537f36b77e3ae6303775897e6e27a7fbf6/rustworkx-0.18.1-cp314-cp314t-manylinux_2_28_ppc64le.whl", hash = "sha256:80a397a164003d9ff91c11357f9c34120c39bc33a62d095dcef2b75dd4feec51", size = 2448424, upload-time = "2026-07-30T00:19:11.853Z" },
    { url = "https://files.pythonhosted.org/packages/64/00/ebf78ee0fadb982aec66f8f85801725228a12a15c39577b39cc1ed45c221/rustworkx-0.18.1-cp314-cp314t-musllinux_1_2_aarch64.whl", hash = "sha256:b23264fcd2feb254ce5a1bea641cad9f97e06202c5c0904d5fc6abd95c6113ef", size = 2209102, upload-time = "2026-07-30T00:18:19.128Z" },
    { url = "https://files.pythonhosted.org/packages/37/0b/05bd31d19d0d74658f30c5bd584906c741a2e4d1fb8f5c08a0168c042553/rustworkx-0.18.1-cp314-cp314t-musllinux_1_2_x86_64.whl", hash = "sha256:aedc1b30330927810588b3dcf5e3032c5379cd19580fd01ec8e13f1cec55c30d", size = 2392538, upload-time = "2026-07-30T00:18:21.141Z" },
]
